// !$*UTF8*$!
{
	archiveVersion = 1;
	classes = {
	};
	objectVersion = 46;
	objects = {

/* Begin PBXBuildFile section */
		1D5EE76217FBE89300F15BAA /* OCSSPrimitiveValue.m in Sources */ = {isa = PBXBuildFile; fileRef = 1D5EE76117FBE89300F15BAA /* OCSSPrimitiveValue.m */; };
		1D5EE76517FBEF8400F15BAA /* OCMediaList.m in Sources */ = {isa = PBXBuildFile; fileRef = 1D5EE76417FBEF8400F15BAA /* OCMediaList.m */; };
		1D5EE76717FBF69C00F15BAA /* OCSSStyleSheet.m in Sources */ = {isa = PBXBuildFile; fileRef = 1D5EE76617FBF69C00F15BAA /* OCSSStyleSheet.m */; };
		1D5EE76B17FC59F900F15BAA /* DEMODeclarationViewController.m in Sources */ = {isa = PBXBuildFile; fileRef = 1D5EE76A17FC59F900F15BAA /* DEMODeclarationViewController.m */; };
		1DF5318517F9CB2D00A3A58B /* UIKit.framework in Frameworks */ = {isa = PBXBuildFile; fileRef = 1DF5318417F9CB2D00A3A58B /* UIKit.framework */; };
		1DF5318717F9CB2D00A3A58B /* Foundation.framework in Frameworks */ = {isa = PBXBuildFile; fileRef = 1DF5318617F9CB2D00A3A58B /* Foundation.framework */; };
		1DF5318917F9CB2D00A3A58B /* CoreGraphics.framework in Frameworks */ = {isa = PBXBuildFile; fileRef = 1DF5318817F9CB2D00A3A58B /* CoreGraphics.framework */; };
		1DF5318F17F9CB2D00A3A58B /* InfoPlist.strings in Resources */ = {isa = PBXBuildFile; fileRef = 1DF5318D17F9CB2D00A3A58B /* InfoPlist.strings */; };
		1DF5319117F9CB2D00A3A58B /* main.m in Sources */ = {isa = PBXBuildFile; fileRef = 1DF5319017F9CB2D00A3A58B /* main.m */; };
		1DF5319517F9CB2D00A3A58B /* DEMOAppDelegate.m in Sources */ = {isa = PBXBuildFile; fileRef = 1DF5319417F9CB2D00A3A58B /* DEMOAppDelegate.m */; };
		1DF5319717F9CB2D00A3A58B /* Default.png in Resources */ = {isa = PBXBuildFile; fileRef = 1DF5319617F9CB2D00A3A58B /* Default.png */; };
		1DF5319917F9CB2D00A3A58B /* Default@2x.png in Resources */ = {isa = PBXBuildFile; fileRef = 1DF5319817F9CB2D00A3A58B /* Default@2x.png */; };
		1DF5319B17F9CB2D00A3A58B /* Default-568h@2x.png in Resources */ = {isa = PBXBuildFile; fileRef = 1DF5319A17F9CB2D00A3A58B /* Default-568h@2x.png */; };
		1DF5319E17F9CB2D00A3A58B /* MainStoryboard.storyboard in Resources */ = {isa = PBXBuildFile; fileRef = 1DF5319C17F9CB2D00A3A58B /* MainStoryboard.storyboard */; };
		1DF531A917F9CEA000A3A58B /* DEMOFileListViewController.m in Sources */ = {isa = PBXBuildFile; fileRef = 1DF531A817F9CEA000A3A58B /* DEMOFileListViewController.m */; };
		1DF531AC17F9CFD200A3A58B /* DEMOStyleListViewController.m in Sources */ = {isa = PBXBuildFile; fileRef = 1DF531AB17F9CFD200A3A58B /* DEMOStyleListViewController.m */; };
		1DF531EE17F9D40E00A3A58B /* sample in Resources */ = {isa = PBXBuildFile; fileRef = 1DF531ED17F9D40E00A3A58B /* sample */; };
		1DF5321A17F9D43300A3A58B /* OCSS.m in Sources */ = {isa = PBXBuildFile; fileRef = 1DF531F117F9D43300A3A58B /* OCSS.m */; };
		1DF5321D17F9D43300A3A58B /* OCSSCharsetRule.m in Sources */ = {isa = PBXBuildFile; fileRef = 1DF531F717F9D43300A3A58B /* OCSSCharsetRule.m */; };
		1DF5321E17F9D43300A3A58B /* OCXProperty.m in Sources */ = {isa = PBXBuildFile; fileRef = 1DF531F917F9D43300A3A58B /* OCXProperty.m */; };
		1DF5321F17F9D43300A3A58B /* OCSSImportRule.m in Sources */ = {isa = PBXBuildFile; fileRef = 1DF531FB17F9D43300A3A58B /* OCSSImportRule.m */; };
		1DF5322017F9D43300A3A58B /* OCSSKeyframesRule.m in Sources */ = {isa = PBXBuildFile; fileRef = 1DF531FD17F9D43300A3A58B /* OCSSKeyframesRule.m */; };
		1DF5322217F9D43300A3A58B /* OCSSMediaRule.m in Sources */ = {isa = PBXBuildFile; fileRef = 1DF5320117F9D43300A3A58B /* OCSSMediaRule.m */; };
		1DF5322317F9D43300A3A58B /* OCSSPagesRule.m in Sources */ = {isa = PBXBuildFile; fileRef = 1DF5320317F9D43300A3A58B /* OCSSPagesRule.m */; };
		1DF5322417F9D43300A3A58B /* OCXParser.m in Sources */ = {isa = PBXBuildFile; fileRef = 1DF5320517F9D43300A3A58B /* OCXParser.m */; };
		1DF5322517F9D43300A3A58B /* OCSSRuleList.m in Sources */ = {isa = PBXBuildFile; fileRef = 1DF5320717F9D43300A3A58B /* OCSSRuleList.m */; };
		1DF5322617F9D43300A3A58B /* OCXSelector.m in Sources */ = {isa = PBXBuildFile; fileRef = 1DF5320917F9D43300A3A58B /* OCXSelector.m */; };
		1DF5322717F9D43300A3A58B /* OCXSelectorList.m in Sources */ = {isa = PBXBuildFile; fileRef = 1DF5320B17F9D43300A3A58B /* OCXSelectorList.m */; };
		1DF5322817F9D43300A3A58B /* OCSSStyleDeclaration.m in Sources */ = {isa = PBXBuildFile; fileRef = 1DF5320D17F9D43300A3A58B /* OCSSStyleDeclaration.m */; };
		1DF5322917F9D43300A3A58B /* OCSSStyleRule.m in Sources */ = {isa = PBXBuildFile; fileRef = 1DF5320F17F9D43300A3A58B /* OCSSStyleRule.m */; };
		1DF5322B17F9D43300A3A58B /* OCStyleSheetList.m in Sources */ = {isa = PBXBuildFile; fileRef = 1DF5321317F9D43300A3A58B /* OCStyleSheetList.m */; };
		1DF5322C17F9D43300A3A58B /* OCSSValue.m in Sources */ = {isa = PBXBuildFile; fileRef = 1DF5321517F9D43300A3A58B /* OCSSValue.m */; };
		1DF5322D17F9D43300A3A58B /* OCHTMLDocument.m in Sources */ = {isa = PBXBuildFile; fileRef = 1DF5321717F9D43300A3A58B /* OCHTMLDocument.m */; };
		1DF5322E17F9D43300A3A58B /* OCLocation.m in Sources */ = {isa = PBXBuildFile; fileRef = 1DF5321917F9D43300A3A58B /* OCLocation.m */; };
		1DF5323417F9D59E00A3A58B /* OCXList.m in Sources */ = {isa = PBXBuildFile; fileRef = 1DF5323317F9D59B00A3A58B /* OCXList.m */; };
		1DF5323717FA36CD00A3A58B /* OCNode.m in Sources */ = {isa = PBXBuildFile; fileRef = 1DF5323617FA36CD00A3A58B /* OCNode.m */; };
		1DF5323A17FA36ED00A3A58B /* OCHTMLElement.m in Sources */ = {isa = PBXBuildFile; fileRef = 1DF5323917FA36ED00A3A58B /* OCHTMLElement.m */; };
		1DF5323D17FA675500A3A58B /* OCSSRule.m in Sources */ = {isa = PBXBuildFile; fileRef = 1DF5323C17FA669200A3A58B /* OCSSRule.m */; };
		1DF5324317FA72F700A3A58B /* OCDOMTokenList.m in Sources */ = {isa = PBXBuildFile; fileRef = 1DF5324117FA72E300A3A58B /* OCDOMTokenList.m */; };
		1DF5324617FA90E900A3A58B /* OCSSFontFaceRule.m in Sources */ = {isa = PBXBuildFile; fileRef = 1DF5324517FA90E700A3A58B /* OCSSFontFaceRule.m */; };
		1DF5324917FB12BC00A3A58B /* OCXSelectorPart.m in Sources */ = {isa = PBXBuildFile; fileRef = 1DF5324817FB12BA00A3A58B /* OCXSelectorPart.m */; };
/* End PBXBuildFile section */

/* Begin PBXFileReference section */
		1D5EE76017FBE89300F15BAA /* OCSSPrimitiveValue.h */ = {isa = PBXFileReference; fileEncoding = 4; lastKnownFileType = sourcecode.c.h; path = OCSSPrimitiveValue.h; sourceTree = "<group>"; };
		1D5EE76117FBE89300F15BAA /* OCSSPrimitiveValue.m */ = {isa = PBXFileReference; fileEncoding = 4; lastKnownFileType = sourcecode.c.objc; path = OCSSPrimitiveValue.m; sourceTree = "<group>"; };
		1D5EE76317FBEF8400F15BAA /* OCMediaList.h */ = {isa = PBXFileReference; fileEncoding = 4; lastKnownFileType = sourcecode.c.h; path = OCMediaList.h; sourceTree = "<group>"; };
		1D5EE76417FBEF8400F15BAA /* OCMediaList.m */ = {isa = PBXFileReference; fileEncoding = 4; lastKnownFileType = sourcecode.c.objc; path = OCMediaList.m; sourceTree = "<group>"; };
		1D5EE76617FBF69C00F15BAA /* OCSSStyleSheet.m */ = {isa = PBXFileReference; fileEncoding = 4; lastKnownFileType = sourcecode.c.objc; path = OCSSStyleSheet.m; sourceTree = "<group>"; };
		1D5EE76817FC1C1300F15BAA /* OCX.h */ = {isa = PBXFileReference; lastKnownFileType = sourcecode.c.h; path = OCX.h; sourceTree = "<group>"; };
		1D5EE76917FC59F900F15BAA /* DEMODeclarationViewController.h */ = {isa = PBXFileReference; fileEncoding = 4; lastKnownFileType = sourcecode.c.h; path = DEMODeclarationViewController.h; sourceTree = "<group>"; };
		1D5EE76A17FC59F900F15BAA /* DEMODeclarationViewController.m */ = {isa = PBXFileReference; fileEncoding = 4; lastKnownFileType = sourcecode.c.objc; path = DEMODeclarationViewController.m; sourceTree = "<group>"; };
		1DF5318117F9CB2D00A3A58B /* OCSS-Demo.app */ = {isa = PBXFileReference; explicitFileType = wrapper.application; includeInIndex = 0; path = "OCSS-Demo.app"; sourceTree = BUILT_PRODUCTS_DIR; };
		1DF5318417F9CB2D00A3A58B /* UIKit.framework */ = {isa = PBXFileReference; lastKnownFileType = wrapper.framework; name = UIKit.framework; path = System/Library/Frameworks/UIKit.framework; sourceTree = SDKROOT; };
		1DF5318617F9CB2D00A3A58B /* Foundation.framework */ = {isa = PBXFileReference; lastKnownFileType = wrapper.framework; name = Foundation.framework; path = System/Library/Frameworks/Foundation.framework; sourceTree = SDKROOT; };
		1DF5318817F9CB2D00A3A58B /* CoreGraphics.framework */ = {isa = PBXFileReference; lastKnownFileType = wrapper.framework; name = CoreGraphics.framework; path = System/Library/Frameworks/CoreGraphics.framework; sourceTree = SDKROOT; };
		1DF5318C17F9CB2D00A3A58B /* OCSS-Demo-Info.plist */ = {isa = PBXFileReference; lastKnownFileType = text.plist.xml; path = "OCSS-Demo-Info.plist"; sourceTree = "<group>"; };
		1DF5318E17F9CB2D00A3A58B /* en */ = {isa = PBXFileReference; lastKnownFileType = text.plist.strings; name = en; path = en.lproj/InfoPlist.strings; sourceTree = "<group>"; };
		1DF5319017F9CB2D00A3A58B /* main.m */ = {isa = PBXFileReference; lastKnownFileType = sourcecode.c.objc; path = main.m; sourceTree = "<group>"; };
		1DF5319217F9CB2D00A3A58B /* OCSS-Demo-Prefix.pch */ = {isa = PBXFileReference; lastKnownFileType = sourcecode.c.h; path = "OCSS-Demo-Prefix.pch"; sourceTree = "<group>"; };
		1DF5319317F9CB2D00A3A58B /* DEMOAppDelegate.h */ = {isa = PBXFileReference; lastKnownFileType = sourcecode.c.h; path = DEMOAppDelegate.h; sourceTree = "<group>"; };
		1DF5319417F9CB2D00A3A58B /* DEMOAppDelegate.m */ = {isa = PBXFileReference; lastKnownFileType = sourcecode.c.objc; path = DEMOAppDelegate.m; sourceTree = "<group>"; };
		1DF5319617F9CB2D00A3A58B /* Default.png */ = {isa = PBXFileReference; lastKnownFileType = image.png; path = Default.png; sourceTree = "<group>"; };
		1DF5319817F9CB2D00A3A58B /* Default@2x.png */ = {isa = PBXFileReference; lastKnownFileType = image.png; path = "Default@2x.png"; sourceTree = "<group>"; };
		1DF5319A17F9CB2D00A3A58B /* Default-568h@2x.png */ = {isa = PBXFileReference; lastKnownFileType = image.png; path = "Default-568h@2x.png"; sourceTree = "<group>"; };
		1DF5319D17F9CB2D00A3A58B /* en */ = {isa = PBXFileReference; lastKnownFileType = file.storyboard; name = en; path = en.lproj/MainStoryboard.storyboard; sourceTree = "<group>"; };
		1DF531A717F9CEA000A3A58B /* DEMOFileListViewController.h */ = {isa = PBXFileReference; fileEncoding = 4; lastKnownFileType = sourcecode.c.h; path = DEMOFileListViewController.h; sourceTree = "<group>"; };
		1DF531A817F9CEA000A3A58B /* DEMOFileListViewController.m */ = {isa = PBXFileReference; fileEncoding = 4; lastKnownFileType = sourcecode.c.objc; path = DEMOFileListViewController.m; sourceTree = "<group>"; };
		1DF531AA17F9CFD200A3A58B /* DEMOStyleListViewController.h */ = {isa = PBXFileReference; fileEncoding = 4; lastKnownFileType = sourcecode.c.h; path = DEMOStyleListViewController.h; sourceTree = "<group>"; };
		1DF531AB17F9CFD200A3A58B /* DEMOStyleListViewController.m */ = {isa = PBXFileReference; fileEncoding = 4; lastKnownFileType = sourcecode.c.objc; path = DEMOStyleListViewController.m; sourceTree = "<group>"; };
		1DF531ED17F9D40E00A3A58B /* sample */ = {isa = PBXFileReference; lastKnownFileType = folder; path = sample; sourceTree = "<group>"; };
		1DF531F017F9D43300A3A58B /* OCSS.h */ = {isa = PBXFileReference; fileEncoding = 4; lastKnownFileType = sourcecode.c.h; path = OCSS.h; sourceTree = "<group>"; };
		1DF531F117F9D43300A3A58B /* OCSS.m */ = {isa = PBXFileReference; fileEncoding = 4; lastKnownFileType = sourcecode.c.objc; path = OCSS.m; sourceTree = "<group>"; };
		1DF531F617F9D43300A3A58B /* OCSSCharsetRule.h */ = {isa = PBXFileReference; fileEncoding = 4; lastKnownFileType = sourcecode.c.h; path = OCSSCharsetRule.h; sourceTree = "<group>"; };
		1DF531F717F9D43300A3A58B /* OCSSCharsetRule.m */ = {isa = PBXFileReference; fileEncoding = 4; lastKnownFileType = sourcecode.c.objc; path = OCSSCharsetRule.m; sourceTree = "<group>"; };
		1DF531F817F9D43300A3A58B /* OCXProperty.h */ = {isa = PBXFileReference; fileEncoding = 4; lastKnownFileType = sourcecode.c.h; path = OCXProperty.h; sourceTree = "<group>"; };
		1DF531F917F9D43300A3A58B /* OCXProperty.m */ = {isa = PBXFileReference; fileEncoding = 4; lastKnownFileType = sourcecode.c.objc; path = OCXProperty.m; sourceTree = "<group>"; };
		1DF531FA17F9D43300A3A58B /* OCSSImportRule.h */ = {isa = PBXFileReference; fileEncoding = 4; lastKnownFileType = sourcecode.c.h; path = OCSSImportRule.h; sourceTree = "<group>"; };
		1DF531FB17F9D43300A3A58B /* OCSSImportRule.m */ = {isa = PBXFileReference; fileEncoding = 4; lastKnownFileType = sourcecode.c.objc; path = OCSSImportRule.m; sourceTree = "<group>"; };
		1DF531FC17F9D43300A3A58B /* OCSSKeyframesRule.h */ = {isa = PBXFileReference; fileEncoding = 4; lastKnownFileType = sourcecode.c.h; path = OCSSKeyframesRule.h; sourceTree = "<group>"; };
		1DF531FD17F9D43300A3A58B /* OCSSKeyframesRule.m */ = {isa = PBXFileReference; fileEncoding = 4; lastKnownFileType = sourcecode.c.objc; path = OCSSKeyframesRule.m; sourceTree = "<group>"; };
		1DF5320017F9D43300A3A58B /* OCSSMediaRule.h */ = {isa = PBXFileReference; fileEncoding = 4; lastKnownFileType = sourcecode.c.h; path = OCSSMediaRule.h; sourceTree = "<group>"; };
		1DF5320117F9D43300A3A58B /* OCSSMediaRule.m */ = {isa = PBXFileReference; fileEncoding = 4; lastKnownFileType = sourcecode.c.objc; path = OCSSMediaRule.m; sourceTree = "<group>"; };
		1DF5320217F9D43300A3A58B /* OCSSPagesRule.h */ = {isa = PBXFileReference; fileEncoding = 4; lastKnownFileType = sourcecode.c.h; path = OCSSPagesRule.h; sourceTree = "<group>"; };
		1DF5320317F9D43300A3A58B /* OCSSPagesRule.m */ = {isa = PBXFileReference; fileEncoding = 4; lastKnownFileType = sourcecode.c.objc; path = OCSSPagesRule.m; sourceTree = "<group>"; };
		1DF5320417F9D43300A3A58B /* OCXParser.h */ = {isa = PBXFileReference; fileEncoding = 4; lastKnownFileType = sourcecode.c.h; path = OCXParser.h; sourceTree = "<group>"; };
		1DF5320517F9D43300A3A58B /* OCXParser.m */ = {isa = PBXFileReference; fileEncoding = 4; lastKnownFileType = sourcecode.c.objc; path = OCXParser.m; sourceTree = "<group>"; };
		1DF5320617F9D43300A3A58B /* OCSSRuleList.h */ = {isa = PBXFileReference; fileEncoding = 4; lastKnownFileType = sourcecode.c.h; path = OCSSRuleList.h; sourceTree = "<group>"; };
		1DF5320717F9D43300A3A58B /* OCSSRuleList.m */ = {isa = PBXFileReference; fileEncoding = 4; lastKnownFileType = sourcecode.c.objc; path = OCSSRuleList.m; sourceTree = "<group>"; };
		1DF5320817F9D43300A3A58B /* OCXSelector.h */ = {isa = PBXFileReference; fileEncoding = 4; lastKnownFileType = sourcecode.c.h; path = OCXSelector.h; sourceTree = "<group>"; };
		1DF5320917F9D43300A3A58B /* OCXSelector.m */ = {isa = PBXFileReference; fileEncoding = 4; lastKnownFileType = sourcecode.c.objc; lineEnding = 0; path = OCXSelector.m; sourceTree = "<group>"; xcLanguageSpecificationIdentifier = xcode.lang.objc; };
		1DF5320A17F9D43300A3A58B /* OCXSelectorList.h */ = {isa = PBXFileReference; fileEncoding = 4; lastKnownFileType = sourcecode.c.h; path = OCXSelectorList.h; sourceTree = "<group>"; };
		1DF5320B17F9D43300A3A58B /* OCXSelectorList.m */ = {isa = PBXFileReference; fileEncoding = 4; lastKnownFileType = sourcecode.c.objc; path = OCXSelectorList.m; sourceTree = "<group>"; };
		1DF5320C17F9D43300A3A58B /* OCSSStyleDeclaration.h */ = {isa = PBXFileReference; fileEncoding = 4; lastKnownFileType = sourcecode.c.h; path = OCSSStyleDeclaration.h; sourceTree = "<group>"; };
		1DF5320D17F9D43300A3A58B /* OCSSStyleDeclaration.m */ = {isa = PBXFileReference; fileEncoding = 4; lastKnownFileType = sourcecode.c.objc; path = OCSSStyleDeclaration.m; sourceTree = "<group>"; };
		1DF5320E17F9D43300A3A58B /* OCSSStyleRule.h */ = {isa = PBXFileReference; fileEncoding = 4; lastKnownFileType = sourcecode.c.h; path = OCSSStyleRule.h; sourceTree = "<group>"; };
		1DF5320F17F9D43300A3A58B /* OCSSStyleRule.m */ = {isa = PBXFileReference; fileEncoding = 4; lastKnownFileType = sourcecode.c.objc; path = OCSSStyleRule.m; sourceTree = "<group>"; };
		1DF5321017F9D43300A3A58B /* OCSSStyleSheet.h */ = {isa = PBXFileReference; fileEncoding = 4; lastKnownFileType = sourcecode.c.h; path = OCSSStyleSheet.h; sourceTree = "<group>"; };
		1DF5321217F9D43300A3A58B /* OCStyleSheetList.h */ = {isa = PBXFileReference; fileEncoding = 4; lastKnownFileType = sourcecode.c.h; path = OCStyleSheetList.h; sourceTree = "<group>"; };
		1DF5321317F9D43300A3A58B /* OCStyleSheetList.m */ = {isa = PBXFileReference; fileEncoding = 4; lastKnownFileType = sourcecode.c.objc; path = OCStyleSheetList.m; sourceTree = "<group>"; };
		1DF5321417F9D43300A3A58B /* OCSSValue.h */ = {isa = PBXFileReference; fileEncoding = 4; lastKnownFileType = sourcecode.c.h; path = OCSSValue.h; sourceTree = "<group>"; };
		1DF5321517F9D43300A3A58B /* OCSSValue.m */ = {isa = PBXFileReference; fileEncoding = 4; lastKnownFileType = sourcecode.c.objc; path = OCSSValue.m; sourceTree = "<group>"; };
		1DF5321617F9D43300A3A58B /* OCHTMLDocument.h */ = {isa = PBXFileReference; fileEncoding = 4; lastKnownFileType = sourcecode.c.h; path = OCHTMLDocument.h; sourceTree = "<group>"; };
		1DF5321717F9D43300A3A58B /* OCHTMLDocument.m */ = {isa = PBXFileReference; fileEncoding = 4; lastKnownFileType = sourcecode.c.objc; lineEnding = 0; path = OCHTMLDocument.m; sourceTree = "<group>"; xcLanguageSpecificationIdentifier = xcode.lang.objc; };
		1DF5321817F9D43300A3A58B /* OCLocation.h */ = {isa = PBXFileReference; fileEncoding = 4; lastKnownFileType = sourcecode.c.h; path = OCLocation.h; sourceTree = "<group>"; };
		1DF5321917F9D43300A3A58B /* OCLocation.m */ = {isa = PBXFileReference; fileEncoding = 4; lastKnownFileType = sourcecode.c.objc; path = OCLocation.m; sourceTree = "<group>"; };
		1DF5323217F9D59B00A3A58B /* OCXList.h */ = {isa = PBXFileReference; lastKnownFileType = sourcecode.c.h; path = OCXList.h; sourceTree = "<group>"; };
		1DF5323317F9D59B00A3A58B /* OCXList.m */ = {isa = PBXFileReference; lastKnownFileType = sourcecode.c.objc; path = OCXList.m; sourceTree = "<group>"; };
		1DF5323517FA36CD00A3A58B /* OCNode.h */ = {isa = PBXFileReference; fileEncoding = 4; lastKnownFileType = sourcecode.c.h; path = OCNode.h; sourceTree = "<group>"; };
		1DF5323617FA36CD00A3A58B /* OCNode.m */ = {isa = PBXFileReference; fileEncoding = 4; lastKnownFileType = sourcecode.c.objc; path = OCNode.m; sourceTree = "<group>"; };
		1DF5323817FA36EC00A3A58B /* OCHTMLElement.h */ = {isa = PBXFileReference; fileEncoding = 4; lastKnownFileType = sourcecode.c.h; path = OCHTMLElement.h; sourceTree = "<group>"; };
		1DF5323917FA36ED00A3A58B /* OCHTMLElement.m */ = {isa = PBXFileReference; fileEncoding = 4; lastKnownFileType = sourcecode.c.objc; path = OCHTMLElement.m; sourceTree = "<group>"; };
		1DF5323B17FA669100A3A58B /* OCSSRule.h */ = {isa = PBXFileReference; lastKnownFileType = sourcecode.c.h; path = OCSSRule.h; sourceTree = "<group>"; };
		1DF5323C17FA669200A3A58B /* OCSSRule.m */ = {isa = PBXFileReference; lastKnownFileType = sourcecode.c.objc; path = OCSSRule.m; sourceTree = "<group>"; };
		1DF5324117FA72E300A3A58B /* OCDOMTokenList.m */ = {isa = PBXFileReference; lastKnownFileType = sourcecode.c.objc; path = OCDOMTokenList.m; sourceTree = "<group>"; };
		1DF5324217FA72E400A3A58B /* OCDOMTokenList.h */ = {isa = PBXFileReference; lastKnownFileType = sourcecode.c.h; path = OCDOMTokenList.h; sourceTree = "<group>"; };
		1DF5324417FA90E500A3A58B /* OCSSFontFaceRule.h */ = {isa = PBXFileReference; fileEncoding = 4; lastKnownFileType = sourcecode.c.h; path = OCSSFontFaceRule.h; sourceTree = "<group>"; };
		1DF5324517FA90E700A3A58B /* OCSSFontFaceRule.m */ = {isa = PBXFileReference; fileEncoding = 4; lastKnownFileType = sourcecode.c.objc; path = OCSSFontFaceRule.m; sourceTree = "<group>"; };
		1DF5324717FB12B700A3A58B /* OCXSelectorPart.h */ = {isa = PBXFileReference; fileEncoding = 4; lastKnownFileType = sourcecode.c.h; lineEnding = 0; path = OCXSelectorPart.h; sourceTree = "<group>"; xcLanguageSpecificationIdentifier = xcode.lang.objcpp; };
		1DF5324817FB12BA00A3A58B /* OCXSelectorPart.m */ = {isa = PBXFileReference; fileEncoding = 4; lastKnownFileType = sourcecode.c.objc; path = OCXSelectorPart.m; sourceTree = "<group>"; };
/* End PBXFileReference section */

/* Begin PBXFrameworksBuildPhase section */
		1DF5317E17F9CB2D00A3A58B /* Frameworks */ = {
			isa = PBXFrameworksBuildPhase;
			buildActionMask = 2147483647;
			files = (
				1DF5318517F9CB2D00A3A58B /* UIKit.framework in Frameworks */,
				1DF5318717F9CB2D00A3A58B /* Foundation.framework in Frameworks */,
				1DF5318917F9CB2D00A3A58B /* CoreGraphics.framework in Frameworks */,
			);
			runOnlyForDeploymentPostprocessing = 0;
		};
/* End PBXFrameworksBuildPhase section */

/* Begin PBXGroup section */
		1DF5317817F9CB2D00A3A58B = {
			isa = PBXGroup;
			children = (
				1DF5318A17F9CB2D00A3A58B /* OCSS-Demo */,
				1DF5318317F9CB2D00A3A58B /* Frameworks */,
				1DF5318217F9CB2D00A3A58B /* Products */,
				1DF531EF17F9D43300A3A58B /* src */,
			);
			sourceTree = "<group>";
		};
		1DF5318217F9CB2D00A3A58B /* Products */ = {
			isa = PBXGroup;
			children = (
				1DF5318117F9CB2D00A3A58B /* OCSS-Demo.app */,
			);
			name = Products;
			sourceTree = "<group>";
		};
		1DF5318317F9CB2D00A3A58B /* Frameworks */ = {
			isa = PBXGroup;
			children = (
				1DF5318417F9CB2D00A3A58B /* UIKit.framework */,
				1DF5318617F9CB2D00A3A58B /* Foundation.framework */,
				1DF5318817F9CB2D00A3A58B /* CoreGraphics.framework */,
			);
			name = Frameworks;
			sourceTree = "<group>";
		};
		1DF5318A17F9CB2D00A3A58B /* OCSS-Demo */ = {
			isa = PBXGroup;
			children = (
				1DF5319317F9CB2D00A3A58B /* DEMOAppDelegate.h */,
				1DF5319417F9CB2D00A3A58B /* DEMOAppDelegate.m */,
				1DF5319C17F9CB2D00A3A58B /* MainStoryboard.storyboard */,
				1DF531A717F9CEA000A3A58B /* DEMOFileListViewController.h */,
				1DF531A817F9CEA000A3A58B /* DEMOFileListViewController.m */,
				1DF531AA17F9CFD200A3A58B /* DEMOStyleListViewController.h */,
				1DF531AB17F9CFD200A3A58B /* DEMOStyleListViewController.m */,
				1D5EE76917FC59F900F15BAA /* DEMODeclarationViewController.h */,
				1D5EE76A17FC59F900F15BAA /* DEMODeclarationViewController.m */,
				1DF531ED17F9D40E00A3A58B /* sample */,
				1DF5318B17F9CB2D00A3A58B /* Supporting Files */,
			);
			path = "OCSS-Demo";
			sourceTree = "<group>";
		};
		1DF5318B17F9CB2D00A3A58B /* Supporting Files */ = {
			isa = PBXGroup;
			children = (
				1DF5318C17F9CB2D00A3A58B /* OCSS-Demo-Info.plist */,
				1DF5318D17F9CB2D00A3A58B /* InfoPlist.strings */,
				1DF5319017F9CB2D00A3A58B /* main.m */,
				1DF5319217F9CB2D00A3A58B /* OCSS-Demo-Prefix.pch */,
				1DF5319617F9CB2D00A3A58B /* Default.png */,
				1DF5319817F9CB2D00A3A58B /* Default@2x.png */,
				1DF5319A17F9CB2D00A3A58B /* Default-568h@2x.png */,
			);
			name = "Supporting Files";
			sourceTree = "<group>";
		};
		1DF531EF17F9D43300A3A58B /* src */ = {
			isa = PBXGroup;
			children = (
				1DF5324217FA72E400A3A58B /* OCDOMTokenList.h */,
				1DF5324117FA72E300A3A58B /* OCDOMTokenList.m */,
				1DF5321617F9D43300A3A58B /* OCHTMLDocument.h */,
				1DF5321717F9D43300A3A58B /* OCHTMLDocument.m */,
				1DF5323817FA36EC00A3A58B /* OCHTMLElement.h */,
				1DF5323917FA36ED00A3A58B /* OCHTMLElement.m */,
				1DF5321817F9D43300A3A58B /* OCLocation.h */,
				1DF5321917F9D43300A3A58B /* OCLocation.m */,
				1D5EE76317FBEF8400F15BAA /* OCMediaList.h */,
				1D5EE76417FBEF8400F15BAA /* OCMediaList.m */,
				1DF5323517FA36CD00A3A58B /* OCNode.h */,
				1DF5323617FA36CD00A3A58B /* OCNode.m */,
				1DF531F017F9D43300A3A58B /* OCSS.h */,
				1DF531F117F9D43300A3A58B /* OCSS.m */,
				1DF531F617F9D43300A3A58B /* OCSSCharsetRule.h */,
				1DF531F717F9D43300A3A58B /* OCSSCharsetRule.m */,
				1DF5324417FA90E500A3A58B /* OCSSFontFaceRule.h */,
				1DF5324517FA90E700A3A58B /* OCSSFontFaceRule.m */,
				1DF531FA17F9D43300A3A58B /* OCSSImportRule.h */,
				1DF531FB17F9D43300A3A58B /* OCSSImportRule.m */,
				1DF531FC17F9D43300A3A58B /* OCSSKeyframesRule.h */,
				1DF531FD17F9D43300A3A58B /* OCSSKeyframesRule.m */,
				1DF5320017F9D43300A3A58B /* OCSSMediaRule.h */,
				1DF5320117F9D43300A3A58B /* OCSSMediaRule.m */,
				1DF5320217F9D43300A3A58B /* OCSSPagesRule.h */,
				1DF5320317F9D43300A3A58B /* OCSSPagesRule.m */,
				1D5EE76017FBE89300F15BAA /* OCSSPrimitiveValue.h */,
				1D5EE76117FBE89300F15BAA /* OCSSPrimitiveValue.m */,
				1DF5323B17FA669100A3A58B /* OCSSRule.h */,
				1DF5323C17FA669200A3A58B /* OCSSRule.m */,
				1DF5320617F9D43300A3A58B /* OCSSRuleList.h */,
				1DF5320717F9D43300A3A58B /* OCSSRuleList.m */,
				1DF5320C17F9D43300A3A58B /* OCSSStyleDeclaration.h */,
				1DF5320D17F9D43300A3A58B /* OCSSStyleDeclaration.m */,
				1DF5320E17F9D43300A3A58B /* OCSSStyleRule.h */,
				1DF5320F17F9D43300A3A58B /* OCSSStyleRule.m */,
				1DF5321017F9D43300A3A58B /* OCSSStyleSheet.h */,
				1D5EE76617FBF69C00F15BAA /* OCSSStyleSheet.m */,
				1DF5321417F9D43300A3A58B /* OCSSValue.h */,
				1DF5321517F9D43300A3A58B /* OCSSValue.m */,
				1DF5321217F9D43300A3A58B /* OCStyleSheetList.h */,
				1DF5321317F9D43300A3A58B /* OCStyleSheetList.m */,
				1D5EE76817FC1C1300F15BAA /* OCX.h */,
				1DF531F817F9D43300A3A58B /* OCXProperty.h */,
				1DF531F917F9D43300A3A58B /* OCXProperty.m */,
				1DF5323217F9D59B00A3A58B /* OCXList.h */,
				1DF5323317F9D59B00A3A58B /* OCXList.m */,
				1DF5320417F9D43300A3A58B /* OCXParser.h */,
				1DF5320517F9D43300A3A58B /* OCXParser.m */,
				1DF5320817F9D43300A3A58B /* OCXSelector.h */,
				1DF5320917F9D43300A3A58B /* OCXSelector.m */,
				1DF5320A17F9D43300A3A58B /* OCXSelectorList.h */,
				1DF5320B17F9D43300A3A58B /* OCXSelectorList.m */,
				1DF5324717FB12B700A3A58B /* OCXSelectorPart.h */,
				1DF5324817FB12BA00A3A58B /* OCXSelectorPart.m */,
			);
			path = src;
			sourceTree = "<group>";
		};
/* End PBXGroup section */

/* Begin PBXNativeTarget section */
		1DF5318017F9CB2D00A3A58B /* OCSS-Demo */ = {
			isa = PBXNativeTarget;
			buildConfigurationList = 1DF531A417F9CB2D00A3A58B /* Build configuration list for PBXNativeTarget "OCSS-Demo" */;
			buildPhases = (
				1DF5317D17F9CB2D00A3A58B /* Sources */,
				1DF5317E17F9CB2D00A3A58B /* Frameworks */,
				1DF5317F17F9CB2D00A3A58B /* Resources */,
			);
			buildRules = (
			);
			dependencies = (
			);
			name = "OCSS-Demo";
			productName = "OCSS-Demo";
			productReference = 1DF5318117F9CB2D00A3A58B /* OCSS-Demo.app */;
			productType = "com.apple.product-type.application";
		};
/* End PBXNativeTarget section */

/* Begin PBXProject section */
		1DF5317917F9CB2D00A3A58B /* Project object */ = {
			isa = PBXProject;
			attributes = {
				CLASSPREFIX = DEMO;
				LastUpgradeCheck = 0460;
				ORGANIZATIONNAME = Kawanet;
			};
			buildConfigurationList = 1DF5317C17F9CB2D00A3A58B /* Build configuration list for PBXProject "OCSS-Demo" */;
			compatibilityVersion = "Xcode 3.2";
			developmentRegion = English;
			hasScannedForEncodings = 0;
			knownRegions = (
				en,
			);
			mainGroup = 1DF5317817F9CB2D00A3A58B;
			productRefGroup = 1DF5318217F9CB2D00A3A58B /* Products */;
			projectDirPath = "";
			projectRoot = "";
			targets = (
				1DF5318017F9CB2D00A3A58B /* OCSS-Demo */,
			);
		};
/* End PBXProject section */

/* Begin PBXResourcesBuildPhase section */
		1DF5317F17F9CB2D00A3A58B /* Resources */ = {
			isa = PBXResourcesBuildPhase;
			buildActionMask = 2147483647;
			files = (
				1DF5318F17F9CB2D00A3A58B /* InfoPlist.strings in Resources */,
				1DF5319717F9CB2D00A3A58B /* Default.png in Resources */,
				1DF5319917F9CB2D00A3A58B /* Default@2x.png in Resources */,
				1DF5319B17F9CB2D00A3A58B /* Default-568h@2x.png in Resources */,
				1DF5319E17F9CB2D00A3A58B /* MainStoryboard.storyboard in Resources */,
				1DF531EE17F9D40E00A3A58B /* sample in Resources */,
			);
			runOnlyForDeploymentPostprocessing = 0;
		};
/* End PBXResourcesBuildPhase section */

/* Begin PBXSourcesBuildPhase section */
		1DF5317D17F9CB2D00A3A58B /* Sources */ = {
			isa = PBXSourcesBuildPhase;
			buildActionMask = 2147483647;
			files = (
				1DF5319117F9CB2D00A3A58B /* main.m in Sources */,
				1DF5319517F9CB2D00A3A58B /* DEMOAppDelegate.m in Sources */,
				1DF531A917F9CEA000A3A58B /* DEMOFileListViewController.m in Sources */,
				1DF531AC17F9CFD200A3A58B /* DEMOStyleListViewController.m in Sources */,
				1DF5321A17F9D43300A3A58B /* OCSS.m in Sources */,
				1DF5321D17F9D43300A3A58B /* OCSSCharsetRule.m in Sources */,
				1DF5321E17F9D43300A3A58B /* OCXProperty.m in Sources */,
				1DF5321F17F9D43300A3A58B /* OCSSImportRule.m in Sources */,
				1DF5322017F9D43300A3A58B /* OCSSKeyframesRule.m in Sources */,
				1DF5322217F9D43300A3A58B /* OCSSMediaRule.m in Sources */,
				1DF5322317F9D43300A3A58B /* OCSSPagesRule.m in Sources */,
				1DF5322417F9D43300A3A58B /* OCXParser.m in Sources */,
				1DF5322517F9D43300A3A58B /* OCSSRuleList.m in Sources */,
				1DF5322617F9D43300A3A58B /* OCXSelector.m in Sources */,
				1DF5322717F9D43300A3A58B /* OCXSelectorList.m in Sources */,
				1DF5322817F9D43300A3A58B /* OCSSStyleDeclaration.m in Sources */,
				1DF5322917F9D43300A3A58B /* OCSSStyleRule.m in Sources */,
				1DF5322B17F9D43300A3A58B /* OCStyleSheetList.m in Sources */,
				1DF5322C17F9D43300A3A58B /* OCSSValue.m in Sources */,
				1DF5322D17F9D43300A3A58B /* OCHTMLDocument.m in Sources */,
				1DF5322E17F9D43300A3A58B /* OCLocation.m in Sources */,
				1DF5323417F9D59E00A3A58B /* OCXList.m in Sources */,
				1DF5323717FA36CD00A3A58B /* OCNode.m in Sources */,
				1DF5323A17FA36ED00A3A58B /* OCHTMLElement.m in Sources */,
				1DF5323D17FA675500A3A58B /* OCSSRule.m in Sources */,
				1DF5324317FA72F700A3A58B /* OCDOMTokenList.m in Sources */,
				1DF5324617FA90E900A3A58B /* OCSSFontFaceRule.m in Sources */,
				1DF5324917FB12BC00A3A58B /* OCXSelectorPart.m in Sources */,
				1D5EE76217FBE89300F15BAA /* OCSSPrimitiveValue.m in Sources */,
				1D5EE76517FBEF8400F15BAA /* OCMediaList.m in Sources */,
				1D5EE76717FBF69C00F15BAA /* OCSSStyleSheet.m in Sources */,
				1D5EE76B17FC59F900F15BAA /* DEMODeclarationViewController.m in Sources */,
			);
			runOnlyForDeploymentPostprocessing = 0;
		};
/* End PBXSourcesBuildPhase section */

/* Begin PBXVariantGroup section */
		1DF5318D17F9CB2D00A3A58B /* InfoPlist.strings */ = {
			isa = PBXVariantGroup;
			children = (
				1DF5318E17F9CB2D00A3A58B /* en */,
			);
			name = InfoPlist.strings;
			sourceTree = "<group>";
		};
		1DF5319C17F9CB2D00A3A58B /* MainStoryboard.storyboard */ = {
			isa = PBXVariantGroup;
			children = (
				1DF5319D17F9CB2D00A3A58B /* en */,
			);
			name = MainStoryboard.storyboard;
			sourceTree = "<group>";
		};
/* End PBXVariantGroup section */

/* Begin XCBuildConfiguration section */
		1DF531A217F9CB2D00A3A58B /* Debug */ = {
			isa = XCBuildConfiguration;
			buildSettings = {
				ALWAYS_SEARCH_USER_PATHS = NO;
				CLANG_CXX_LANGUAGE_STANDARD = "gnu++0x";
				CLANG_CXX_LIBRARY = "libc++";
				CLANG_ENABLE_OBJC_ARC = YES;
				CLANG_WARN_CONSTANT_CONVERSION = YES;
				CLANG_WARN_EMPTY_BODY = YES;
				CLANG_WARN_ENUM_CONVERSION = YES;
				CLANG_WARN_INT_CONVERSION = YES;
				CLANG_WARN__DUPLICATE_METHOD_MATCH = YES;
				"CODE_SIGN_IDENTITY[sdk=iphoneos*]" = "iPhone Developer";
				COPY_PHASE_STRIP = NO;
				GCC_C_LANGUAGE_STANDARD = gnu99;
				GCC_DYNAMIC_NO_PIC = NO;
				GCC_OPTIMIZATION_LEVEL = 0;
				GCC_PREPROCESSOR_DEFINITIONS = (
					"DEBUG=1",
					"$(inherited)",
				);
				GCC_SYMBOLS_PRIVATE_EXTERN = NO;
				GCC_WARN_ABOUT_RETURN_TYPE = YES;
				GCC_WARN_UNINITIALIZED_AUTOS = YES;
				GCC_WARN_UNUSED_VARIABLE = YES;
				IPHONEOS_DEPLOYMENT_TARGET = 6.1;
				ONLY_ACTIVE_ARCH = YES;
				SDKROOT = iphoneos;
			};
			name = Debug;
		};
		1DF531A317F9CB2D00A3A58B /* Release */ = {
			isa = XCBuildConfiguration;
			buildSettings = {
				ALWAYS_SEARCH_USER_PATHS = NO;
				CLANG_CXX_LANGUAGE_STANDARD = "gnu++0x";
				CLANG_CXX_LIBRARY = "libc++";
				CLANG_ENABLE_OBJC_ARC = YES;
				CLANG_WARN_CONSTANT_CONVERSION = YES;
				CLANG_WARN_EMPTY_BODY = YES;
				CLANG_WARN_ENUM_CONVERSION = YES;
				CLANG_WARN_INT_CONVERSION = YES;
				CLANG_WARN__DUPLICATE_METHOD_MATCH = YES;
				"CODE_SIGN_IDENTITY[sdk=iphoneos*]" = "iPhone Developer";
				COPY_PHASE_STRIP = YES;
				GCC_C_LANGUAGE_STANDARD = gnu99;
				GCC_WARN_ABOUT_RETURN_TYPE = YES;
				GCC_WARN_UNINITIALIZED_AUTOS = YES;
				GCC_WARN_UNUSED_VARIABLE = YES;
				IPHONEOS_DEPLOYMENT_TARGET = 6.1;
				OTHER_CFLAGS = "-DNS_BLOCK_ASSERTIONS=1";
				SDKROOT = iphoneos;
				VALIDATE_PRODUCT = YES;
			};
			name = Release;
		};
		1DF531A517F9CB2D00A3A58B /* Debug */ = {
			isa = XCBuildConfiguration;
			buildSettings = {
				GCC_PRECOMPILE_PREFIX_HEADER = YES;
				GCC_PREFIX_HEADER = "OCSS-Demo/OCSS-Demo-Prefix.pch";
				INFOPLIST_FILE = "OCSS-Demo/OCSS-Demo-Info.plist";
				PRODUCT_NAME = "$(TARGET_NAME)";
				WRAPPER_EXTENSION = app;
			};
			name = Debug;
		};
		1DF531A617F9CB2D00A3A58B /* Release */ = {
			isa = XCBuildConfiguration;
			buildSettings = {
				GCC_PRECOMPILE_PREFIX_HEADER = YES;
				GCC_PREFIX_HEADER = "OCSS-Demo/OCSS-Demo-Prefix.pch";
				INFOPLIST_FILE = "OCSS-Demo/OCSS-Demo-Info.plist";
				PRODUCT_NAME = "$(TARGET_NAME)";
				WRAPPER_EXTENSION = app;
			};
			name = Release;
		};
/* End XCBuildConfiguration section */

/* Begin XCConfigurationList section */
		1DF5317C17F9CB2D00A3A58B /* Build configuration list for PBXProject "OCSS-Demo" */ = {
			isa = XCConfigurationList;
			buildConfigurations = (
				1DF531A217F9CB2D00A3A58B /* Debug */,
				1DF531A317F9CB2D00A3A58B /* Release */,
			);
			defaultConfigurationIsVisible = 0;
			defaultConfigurationName = Release;
		};
		1DF531A417F9CB2D00A3A58B /* Build configuration list for PBXNativeTarget "OCSS-Demo" */ = {
			isa = XCConfigurationList;
			buildConfigurations = (
				1DF531A517F9CB2D00A3A58B /* Debug */,
				1DF531A617F9CB2D00A3A58B /* Release */,
			);
			defaultConfigurationIsVisible = 0;
			defaultConfigurationName = Release;
		};
/* End XCConfigurationList section */
	};
	rootObject = 1DF5317917F9CB2D00A3A58B /* Project object */;
}
